# THIS IS AN AUTOGENERATED FILE. DO NOT EDIT THIS FILE DIRECTLY.
# yarn lockfile v1


"@now/node-bridge@1.2.2":
  version "1.2.2"
  resolved "https://registry.yarnpkg.com/@now/node-bridge/-/node-bridge-1.2.2.tgz#b4740d8806227b8dd1d4d8481e21b3b30ad299b4"
  integrity sha512-E5xqal3QRN8RvcQ4Q82vtg/hvWmQWaIYp2bJHd550Ps/kemGabcwAAQsP/TUM/4b5oYlOmjrfuYPq9AhMvFqkQ==

"@now/node@^0.11.0":
  version "0.11.0"
  resolved "https://registry.yarnpkg.com/@now/node/-/node-0.11.0.tgz#70f020f9f7f7704bebdeba6e938853e9b6035abb"
  integrity sha512-Nj/K0KQOf9K8FJpv7ZncCYtbHEhQDBkcZk3v9P/Sxcz9qTdGZuNWIgzNG2/2uUOoByoHpbvzOpflma3Z4ifMiw==
  dependencies:
    "@now/node-bridge" "1.2.2"
    "@types/node" "*"
    "@zeit/ncc" "0.18.5"
    "@zeit/ncc-watcher" "1.0.3"

"@types/node@*":
  version "12.0.12"
  resolved "https://registry.yarnpkg.com/@types/node/-/node-12.0.12.tgz#cc791b402360db1eaf7176479072f91ee6c6c7ca"
  integrity sha512-Uy0PN4R5vgBUXFoJrKryf5aTk3kJ8Rv3PdlHjl6UaX+Cqp1QE0yPQ68MPXGrZOfG7gZVNDIJZYyot0B9ubXUrQ==

"@zeit/ncc-watcher@1.0.3":
  version "1.0.3"
  resolved "https://registry.yarnpkg.com/@zeit/ncc-watcher/-/ncc-watcher-1.0.3.tgz#c4569d13db7b80a96a7672047c069400e69913ae"
  integrity sha512-367wm9bGMBCwT8kHQckw8UY/iYhC9rdzj357FBoM0SjVvWv53yziEmd12RkeF1EsBs0F2a1uBYdUaUvGo6LfkA==
  dependencies:
    "@zeit/ncc" "^0.18.5"

"@zeit/ncc@0.18.5", "@zeit/ncc@^0.18.5":
  version "0.18.5"
  resolved "https://registry.yarnpkg.com/@zeit/ncc/-/ncc-0.18.5.tgz#5687df6c32f1a2e2486aa110b3454ccebda4fb9c"
  integrity sha512-F+SbvEAh8rchiRXqQbmD1UmbePY7dCOKTbvfFtbVbK2xMH/tyri5YKfNxXKK7eL9EWkkbqB3NTVQO6nokApeBA==
